{
    "name": "whitelist",
    "version": "1.0.0",
    "lockfileVersion": 3,
    "requires": true,
    "packages": {
        "": {
            "name": "whitelist",
            "version": "1.0.0",
            "license": "ISC",
            "dependencies": {
                "ascii-table": "^0.0.9",
                "chalk": "^5.3.0",
                "dayjs": "^1.11.10",
                "discord.js": "^14.14.1",
                "mysql": "^2.18.1",
                "mysql2": "^3.6.5"
            }
        },
        "node_modules/@discordjs/builders": {
            "version": "1.7.0",
            "resolved": "https://registry.npmjs.org/@discordjs/builders/-/builders-1.7.0.tgz",
            "integrity": "sha512-GDtbKMkg433cOZur8Dv6c25EHxduNIBsxeHrsRoIM8+AwmEZ8r0tEpckx/sHwTLwQPOF3e2JWloZh9ofCaMfAw==",
            "dependencies": {
                "@discordjs/formatters": "^0.3.3",
                "@discordjs/util": "^1.0.2",
                "@sapphire/shapeshift": "^3.9.3",
                "discord-api-types": "0.37.61",
                "fast-deep-equal": "^3.1.3",
                "ts-mixer": "^6.0.3",
                "tslib": "^2.6.2"
            },
            "engines": {
                "node": ">=16.11.0"
            }
        },
        "node_modules/@discordjs/collection": {
            "version": "1.5.3",
            "resolved": "https://registry.npmjs.org/@discordjs/collection/-/collection-1.5.3.tgz",
            "integrity": "sha512-SVb428OMd3WO1paV3rm6tSjM4wC+Kecaa1EUGX7vc6/fddvw/6lg90z4QtCqm21zvVe92vMMDt9+DkIvjXImQQ==",
            "engines": {
                "node": ">=16.11.0"
            }
        },
        "node_modules/@discordjs/formatters": {
            "version": "0.3.3",
            "resolved": "https://registry.npmjs.org/@discordjs/formatters/-/formatters-0.3.3.tgz",
            "integrity": "sha512-wTcI1Q5cps1eSGhl6+6AzzZkBBlVrBdc9IUhJbijRgVjCNIIIZPgqnUj3ntFODsHrdbGU8BEG9XmDQmgEEYn3w==",
            "dependencies": {
                "discord-api-types": "0.37.61"
            },
            "engines": {
                "node": ">=16.11.0"
            }
        },
        "node_modules/@discordjs/rest": {
            "version": "2.2.0",
            "resolved": "https://registry.npmjs.org/@discordjs/rest/-/rest-2.2.0.tgz",
            "integrity": "sha512-nXm9wT8oqrYFRMEqTXQx9DUTeEtXUDMmnUKIhZn6O2EeDY9VCdwj23XCPq7fkqMPKdF7ldAfeVKyxxFdbZl59A==",
            "dependencies": {
                "@discordjs/collection": "^2.0.0",
                "@discordjs/util": "^1.0.2",
                "@sapphire/async-queue": "^1.5.0",
                "@sapphire/snowflake": "^3.5.1",
                "@vladfrangu/async_event_emitter": "^2.2.2",
                "discord-api-types": "0.37.61",
                "magic-bytes.js": "^1.5.0",
                "tslib": "^2.6.2",
                "undici": "5.27.2"
            },
            "engines": {
                "node": ">=16.11.0"
            }
        },
        "node_modules/@discordjs/rest/node_modules/@discordjs/collection": {
            "version": "2.0.0",
            "resolved": "https://registry.npmjs.org/@discordjs/collection/-/collection-2.0.0.tgz",
            "integrity": "sha512-YTWIXLrf5FsrLMycpMM9Q6vnZoR/lN2AWX23/Cuo8uOOtS8eHB2dyQaaGnaF8aZPYnttf2bkLMcXn/j6JUOi3w==",
            "engines": {
                "node": ">=18"
            }
        },
        "node_modules/@discordjs/util": {
            "version": "1.0.2",
            "resolved": "https://registry.npmjs.org/@discordjs/util/-/util-1.0.2.tgz",
            "integrity": "sha512-IRNbimrmfb75GMNEjyznqM1tkI7HrZOf14njX7tCAAUetyZM1Pr8hX/EK2lxBCOgWDRmigbp24fD1hdMfQK5lw==",
            "engines": {
                "node": ">=16.11.0"
            }
        },
        "node_modules/@discordjs/ws": {
            "version": "1.0.2",
            "resolved": "https://registry.npmjs.org/@discordjs/ws/-/ws-1.0.2.tgz",
            "integrity": "sha512-+XI82Rm2hKnFwAySXEep4A7Kfoowt6weO6381jgW+wVdTpMS/56qCvoXyFRY0slcv7c/U8My2PwIB2/wEaAh7Q==",
            "dependencies": {
                "@discordjs/collection": "^2.0.0",
                "@discordjs/rest": "^2.1.0",
                "@discordjs/util": "^1.0.2",
                "@sapphire/async-queue": "^1.5.0",
                "@types/ws": "^8.5.9",
                "@vladfrangu/async_event_emitter": "^2.2.2",
                "discord-api-types": "0.37.61",
                "tslib": "^2.6.2",
                "ws": "^8.14.2"
            },
            "engines": {
                "node": ">=16.11.0"
            }
        },
        "node_modules/@discordjs/ws/node_modules/@discordjs/collection": {
            "version": "2.0.0",
            "resolved": "https://registry.npmjs.org/@discordjs/collection/-/collection-2.0.0.tgz",
            "integrity": "sha512-YTWIXLrf5FsrLMycpMM9Q6vnZoR/lN2AWX23/Cuo8uOOtS8eHB2dyQaaGnaF8aZPYnttf2bkLMcXn/j6JUOi3w==",
            "engines": {
                "node": ">=18"
            }
        },
        "node_modules/@fastify/busboy": {
            "version": "2.1.0",
            "resolved": "https://registry.npmjs.org/@fastify/busboy/-/busboy-2.1.0.tgz",
            "integrity": "sha512-+KpH+QxZU7O4675t3mnkQKcZZg56u+K/Ct2K+N2AZYNVK8kyeo/bI18tI8aPm3tvNNRyTWfj6s5tnGNlcbQRsA==",
            "engines": {
                "node": ">=14"
            }
        },
        "node_modules/@sapphire/async-queue": {
            "version": "1.5.2",
            "resolved": "https://registry.npmjs.org/@sapphire/async-queue/-/async-queue-1.5.2.tgz",
            "integrity": "sha512-7X7FFAA4DngXUl95+hYbUF19bp1LGiffjJtu7ygrZrbdCSsdDDBaSjB7Akw0ZbOu6k0xpXyljnJ6/RZUvLfRdg==",
            "engines": {
                "node": ">=v14.0.0",
                "npm": ">=7.0.0"
            }
        },
        "node_modules/@sapphire/shapeshift": {
            "version": "3.9.6",
            "resolved": "https://registry.npmjs.org/@sapphire/shapeshift/-/shapeshift-3.9.6.tgz",
            "integrity": "sha512-4+Na/fxu2SEepZRb9z0dbsVh59QtwPuBg/UVaDib3av7ZY14b14+z09z6QVn0P6Dv6eOU2NDTsjIi0mbtgP56g==",
            "dependencies": {
                "fast-deep-equal": "^3.1.3",
                "lodash": "^4.17.21"
            },
            "engines": {
                "node": ">=v18"
            }
        },
        "node_modules/@sapphire/snowflake": {
            "version": "3.5.1",
            "resolved": "https://registry.npmjs.org/@sapphire/snowflake/-/snowflake-3.5.1.tgz",
            "integrity": "sha512-BxcYGzgEsdlG0dKAyOm0ehLGm2CafIrfQTZGWgkfKYbj+pNNsorZ7EotuZukc2MT70E0UbppVbtpBrqpzVzjNA==",
            "engines": {
                "node": ">=v14.0.0",
                "npm": ">=7.0.0"
            }
        },
        "node_modules/@types/node": {
            "version": "20.11.9",
            "resolved": "https://registry.npmjs.org/@types/node/-/node-20.11.9.tgz",
            "integrity": "sha512-CQXNuMoS/VcoAMISe5pm4JnEd1Br5jildbQEToEMQvutmv+EaQr90ry9raiudgpyDuqFiV9e4rnjSfLNq12M5w==",
            "dependencies": {
                "undici-types": "~5.26.4"
            }
        },
        "node_modules/@types/ws": {
            "version": "8.5.9",
            "resolved": "https://registry.npmjs.org/@types/ws/-/ws-8.5.9.tgz",
            "integrity": "sha512-jbdrY0a8lxfdTp/+r7Z4CkycbOFN8WX+IOchLJr3juT/xzbJ8URyTVSJ/hvNdadTgM1mnedb47n+Y31GsFnQlg==",
            "dependencies": {
                "@types/node": "*"
            }
        },
        "node_modules/@vladfrangu/async_event_emitter": {
            "version": "2.2.4",
            "resolved": "https://registry.npmjs.org/@vladfrangu/async_event_emitter/-/async_event_emitter-2.2.4.tgz",
            "integrity": "sha512-ButUPz9E9cXMLgvAW8aLAKKJJsPu1dY1/l/E8xzLFuysowXygs6GBcyunK9rnGC4zTsnIc2mQo71rGw9U+Ykug==",
            "engines": {
                "node": ">=v14.0.0",
                "npm": ">=7.0.0"
            }
        },
        "node_modules/ascii-table": {
            "version": "0.0.9",
            "resolved": "https://registry.npmjs.org/ascii-table/-/ascii-table-0.0.9.tgz",
            "integrity": "sha512-xpkr6sCDIYTPqzvjG8M3ncw1YOTaloWZOyrUmicoEifBEKzQzt+ooUpRpQ/AbOoJfO/p2ZKiyp79qHThzJDulQ=="
        },
        "node_modules/bignumber.js": {
            "version": "9.0.0",
            "resolved": "https://registry.npmjs.org/bignumber.js/-/bignumber.js-9.0.0.tgz",
            "integrity": "sha512-t/OYhhJ2SD+YGBQcjY8GzzDHEk9f3nerxjtfa6tlMXfe7frs/WozhvCNoGvpM0P3bNf3Gq5ZRMlGr5f3r4/N8A==",
            "engines": {
                "node": "*"
            }
        },
        "node_modules/chalk": {
            "version": "5.3.0",
            "resolved": "https://registry.npmjs.org/chalk/-/chalk-5.3.0.tgz",
            "integrity": "sha512-dLitG79d+GV1Nb/VYcCDFivJeK1hiukt9QjRNVOsUtTy1rR1YJsmpGGTZ3qJos+uw7WmWF4wUwBd9jxjocFC2w==",
            "engines": {
                "node": "^12.17.0 || ^14.13 || >=16.0.0"
            },
            "funding": {
                "url": "https://github.com/chalk/chalk?sponsor=1"
            }
        },
        "node_modules/core-util-is": {
            "version": "1.0.3",
            "resolved": "https://registry.npmjs.org/core-util-is/-/core-util-is-1.0.3.tgz",
            "integrity": "sha512-ZQBvi1DcpJ4GDqanjucZ2Hj3wEO5pZDS89BWbkcrvdxksJorwUDDZamX9ldFkp9aw2lmBDLgkObEA4DWNJ9FYQ=="
        },
        "node_modules/dayjs": {
            "version": "1.11.10",
            "resolved": "https://registry.npmjs.org/dayjs/-/dayjs-1.11.10.tgz",
            "integrity": "sha512-vjAczensTgRcqDERK0SR2XMwsF/tSvnvlv6VcF2GIhg6Sx4yOIt/irsr1RDJsKiIyBzJDpCoXiWWq28MqH2cnQ=="
        },
        "node_modules/denque": {
            "version": "2.1.0",
            "resolved": "https://registry.npmjs.org/denque/-/denque-2.1.0.tgz",
            "integrity": "sha512-HVQE3AAb/pxF8fQAoiqpvg9i3evqug3hoiwakOyZAwJm+6vZehbkYXZ0l4JxS+I3QxM97v5aaRNhj8v5oBhekw==",
            "engines": {
                "node": ">=0.10"
            }
        },
        "node_modules/discord-api-types": {
            "version": "0.37.61",
            "resolved": "https://registry.npmjs.org/discord-api-types/-/discord-api-types-0.37.61.tgz",
            "integrity": "sha512-o/dXNFfhBpYHpQFdT6FWzeO7pKc838QeeZ9d91CfVAtpr5XLK4B/zYxQbYgPdoMiTDvJfzcsLW5naXgmHGDNXw=="
        },
        "node_modules/discord.js": {
            "version": "14.14.1",
            "resolved": "https://registry.npmjs.org/discord.js/-/discord.js-14.14.1.tgz",
            "integrity": "sha512-/hUVzkIerxKHyRKopJy5xejp4MYKDPTszAnpYxzVVv4qJYf+Tkt+jnT2N29PIPschicaEEpXwF2ARrTYHYwQ5w==",
            "dependencies": {
                "@discordjs/builders": "^1.7.0",
                "@discordjs/collection": "1.5.3",
                "@discordjs/formatters": "^0.3.3",
                "@discordjs/rest": "^2.1.0",
                "@discordjs/util": "^1.0.2",
                "@discordjs/ws": "^1.0.2",
                "@sapphire/snowflake": "3.5.1",
                "@types/ws": "8.5.9",
                "discord-api-types": "0.37.61",
                "fast-deep-equal": "3.1.3",
                "lodash.snakecase": "4.1.1",
                "tslib": "2.6.2",
                "undici": "5.27.2",
                "ws": "8.14.2"
            },
            "engines": {
                "node": ">=16.11.0"
            }
        },
        "node_modules/fast-deep-equal": {
            "version": "3.1.3",
            "resolved": "https://registry.npmjs.org/fast-deep-equal/-/fast-deep-equal-3.1.3.tgz",
            "integrity": "sha512-f3qQ9oQy9j2AhBe/H9VC91wLmKBCCU/gDOnKNAYG5hswO7BLKj09Hc5HYNz9cGI++xlpDCIgDaitVs03ATR84Q=="
        },
        "node_modules/generate-function": {
            "version": "2.3.1",
            "resolved": "https://registry.npmjs.org/generate-function/-/generate-function-2.3.1.tgz",
            "integrity": "sha512-eeB5GfMNeevm/GRYq20ShmsaGcmI81kIX2K9XQx5miC8KdHaC6Jm0qQ8ZNeGOi7wYB8OsdxKs+Y2oVuTFuVwKQ==",
            "dependencies": {
                "is-property": "^1.0.2"
            }
        },
        "node_modules/iconv-lite": {
            "version": "0.6.3",
            "resolved": "https://registry.npmjs.org/iconv-lite/-/iconv-lite-0.6.3.tgz",
            "integrity": "sha512-4fCk79wshMdzMp2rH06qWrJE4iolqLhCUH+OiuIgU++RB0+94NlDL81atO7GX55uUKueo0txHNtvEyI6D7WdMw==",
            "dependencies": {
                "safer-buffer": ">= 2.1.2 < 3.0.0"
            },
            "engines": {
                "node": ">=0.10.0"
            }
        },
        "node_modules/inherits": {
            "version": "2.0.4",
            "resolved": "https://registry.npmjs.org/inherits/-/inherits-2.0.4.tgz",
            "integrity": "sha512-k/vGaX4/Yla3WzyMCvTQOXYeIHvqOKtnqBduzTHpzpQZzAskKMhZ2K+EnBiSM9zGSoIFeMpXKxa4dYeZIQqewQ=="
        },
        "node_modules/is-property": {
            "version": "1.0.2",
            "resolved": "https://registry.npmjs.org/is-property/-/is-property-1.0.2.tgz",
            "integrity": "sha512-Ks/IoX00TtClbGQr4TWXemAnktAQvYB7HzcCxDGqEZU6oCmb2INHuOoKxbtR+HFkmYWBKv/dOZtGRiAjDhj92g=="
        },
        "node_modules/isarray": {
            "version": "1.0.0",
            "resolved": "https://registry.npmjs.org/isarray/-/isarray-1.0.0.tgz",
            "integrity": "sha512-VLghIWNM6ELQzo7zwmcg0NmTVyWKYjvIeM83yjp0wRDTmUnrM678fQbcKBo6n2CJEF0szoG//ytg+TKla89ALQ=="
        },
        "node_modules/lodash": {
            "version": "4.17.21",
            "resolved": "https://registry.npmjs.org/lodash/-/lodash-4.17.21.tgz",
            "integrity": "sha512-v2kDEe57lecTulaDIuNTPy3Ry4gLGJ6Z1O3vE1krgXZNrsQ+LFTGHVxVjcXPs17LhbZVGedAJv8XZ1tvj5FvSg=="
        },
        "node_modules/lodash.snakecase": {
            "version": "4.1.1",
            "resolved": "https://registry.npmjs.org/lodash.snakecase/-/lodash.snakecase-4.1.1.tgz",
            "integrity": "sha512-QZ1d4xoBHYUeuouhEq3lk3Uq7ldgyFXGBhg04+oRLnIz8o9T65Eh+8YdroUwn846zchkA9yDsDl5CVVaV2nqYw=="
        },
        "node_modules/long": {
            "version": "5.2.3",
            "resolved": "https://registry.npmjs.org/long/-/long-5.2.3.tgz",
            "integrity": "sha512-lcHwpNoggQTObv5apGNCTdJrO69eHOZMi4BNC+rTLER8iHAqGrUVeLh/irVIM7zTw2bOXA8T6uNPeujwOLg/2Q=="
        },
        "node_modules/lru-cache": {
            "version": "8.0.5",
            "resolved": "https://registry.npmjs.org/lru-cache/-/lru-cache-8.0.5.tgz",
            "integrity": "sha512-MhWWlVnuab1RG5/zMRRcVGXZLCXrZTgfwMikgzCegsPnG62yDQo5JnqKkrK4jO5iKqDAZGItAqN5CtKBCBWRUA==",
            "engines": {
                "node": ">=16.14"
            }
        },
        "node_modules/magic-bytes.js": {
            "version": "1.8.0",
            "resolved": "https://registry.npmjs.org/magic-bytes.js/-/magic-bytes.js-1.8.0.tgz",
            "integrity": "sha512-lyWpfvNGVb5lu8YUAbER0+UMBTdR63w2mcSUlhhBTyVbxJvjgqwyAf3AZD6MprgK0uHuBoWXSDAMWLupX83o3Q=="
        },
        "node_modules/mysql": {
            "version": "2.18.1",
            "resolved": "https://registry.npmjs.org/mysql/-/mysql-2.18.1.tgz",
            "integrity": "sha512-Bca+gk2YWmqp2Uf6k5NFEurwY/0td0cpebAucFpY/3jhrwrVGuxU2uQFCHjU19SJfje0yQvi+rVWdq78hR5lig==",
            "dependencies": {
                "bignumber.js": "9.0.0",
                "readable-stream": "2.3.7",
                "safe-buffer": "5.1.2",
                "sqlstring": "2.3.1"
            },
            "engines": {
                "node": ">= 0.6"
            }
        },
        "node_modules/mysql2": {
            "version": "3.9.0",
            "resolved": "https://registry.npmjs.org/mysql2/-/mysql2-3.9.0.tgz",
            "integrity": "sha512-yS7FtbnO9sYqUZbjaiUwflh1bJAENJ3DQ9aHEYj9G+Hi15+FP7UKaTDNe6SeXx/LpkU6coAQ6vIYQaAmsFA+qQ==",
            "dependencies": {
                "denque": "^2.1.0",
                "generate-function": "^2.3.1",
                "iconv-lite": "^0.6.3",
                "long": "^5.2.1",
                "lru-cache": "^8.0.0",
                "named-placeholders": "^1.1.3",
                "seq-queue": "^0.0.5",
                "sqlstring": "^2.3.2"
            },
            "engines": {
                "node": ">= 8.0"
            }
        },
        "node_modules/mysql2/node_modules/sqlstring": {
            "version": "2.3.3",
            "resolved": "https://registry.npmjs.org/sqlstring/-/sqlstring-2.3.3.tgz",
            "integrity": "sha512-qC9iz2FlN7DQl3+wjwn3802RTyjCx7sDvfQEXchwa6CWOx07/WVfh91gBmQ9fahw8snwGEWU3xGzOt4tFyHLxg==",
            "engines": {
                "node": ">= 0.6"
            }
        },
        "node_modules/named-placeholders": {
            "version": "1.1.3",
            "resolved": "https://registry.npmjs.org/named-placeholders/-/named-placeholders-1.1.3.tgz",
            "integrity": "sha512-eLoBxg6wE/rZkJPhU/xRX1WTpkFEwDJEN96oxFrTsqBdbT5ec295Q+CoHrL9IT0DipqKhmGcaZmwOt8OON5x1w==",
            "dependencies": {
                "lru-cache": "^7.14.1"
            },
            "engines": {
                "node": ">=12.0.0"
            }
        },
        "node_modules/named-placeholders/node_modules/lru-cache": {
            "version": "7.18.3",
            "resolved": "https://registry.npmjs.org/lru-cache/-/lru-cache-7.18.3.tgz",
            "integrity": "sha512-jumlc0BIUrS3qJGgIkWZsyfAM7NCWiBcCDhnd+3NNM5KbBmLTgHVfWBcg6W+rLUsIpzpERPsvwUP7CckAQSOoA==",
            "engines": {
                "node": ">=12"
            }
        },
        "node_modules/process-nextick-args": {
            "version": "2.0.1",
            "resolved": "https://registry.npmjs.org/process-nextick-args/-/process-nextick-args-2.0.1.tgz",
            "integrity": "sha512-3ouUOpQhtgrbOa17J7+uxOTpITYWaGP7/AhoR3+A+/1e9skrzelGi/dXzEYyvbxubEF6Wn2ypscTKiKJFFn1ag=="
        },
        "node_modules/readable-stream": {
            "version": "2.3.7",
            "resolved": "https://registry.npmjs.org/readable-stream/-/readable-stream-2.3.7.tgz",
            "integrity": "sha512-Ebho8K4jIbHAxnuxi7o42OrZgF/ZTNcsZj6nRKyUmkhLFq8CHItp/fy6hQZuZmP/n3yZ9VBUbp4zz/mX8hmYPw==",
            "dependencies": {
                "core-util-is": "~1.0.0",
                "inherits": "~2.0.3",
                "isarray": "~1.0.0",
                "process-nextick-args": "~2.0.0",
                "safe-buffer": "~5.1.1",
                "string_decoder": "~1.1.1",
                "util-deprecate": "~1.0.1"
            }
        },
        "node_modules/safe-buffer": {
            "version": "5.1.2",
            "resolved": "https://registry.npmjs.org/safe-buffer/-/safe-buffer-5.1.2.tgz",
            "integrity": "sha512-Gd2UZBJDkXlY7GbJxfsE8/nvKkUEU1G38c1siN6QP6a9PT9MmHB8GnpscSmMJSoF8LOIrt8ud/wPtojys4G6+g=="
        },
        "node_modules/safer-buffer": {
            "version": "2.1.2",
            "resolved": "https://registry.npmjs.org/safer-buffer/-/safer-buffer-2.1.2.tgz",
            "integrity": "sha512-YZo3K82SD7Riyi0E1EQPojLz7kpepnSQI9IyPbHHg1XXXevb5dJI7tpyN2ADxGcQbHG7vcyRHk0cbwqcQriUtg=="
        },
        "node_modules/seq-queue": {
            "version": "0.0.5",
            "resolved": "https://registry.npmjs.org/seq-queue/-/seq-queue-0.0.5.tgz",
            "integrity": "sha512-hr3Wtp/GZIc/6DAGPDcV4/9WoZhjrkXsi5B/07QgX8tsdc6ilr7BFM6PM6rbdAX1kFSDYeZGLipIZZKyQP0O5Q=="
        },
        "node_modules/sqlstring": {
            "version": "2.3.1",
            "resolved": "https://registry.npmjs.org/sqlstring/-/sqlstring-2.3.1.tgz",
            "integrity": "sha512-ooAzh/7dxIG5+uDik1z/Rd1vli0+38izZhGzSa34FwR7IbelPWCCKSNIl8jlL/F7ERvy8CB2jNeM1E9i9mXMAQ==",
            "engines": {
                "node": ">= 0.6"
            }
        },
        "node_modules/string_decoder": {
            "version": "1.1.1",
            "resolved": "https://registry.npmjs.org/string_decoder/-/string_decoder-1.1.1.tgz",
            "integrity": "sha512-n/ShnvDi6FHbbVfviro+WojiFzv+s8MPMHBczVePfUpDJLwoLT0ht1l4YwBCbi8pJAveEEdnkHyPyTP/mzRfwg==",
            "dependencies": {
                "safe-buffer": "~5.1.0"
            }
        },
        "node_modules/ts-mixer": {
            "version": "6.0.3",
            "resolved": "https://registry.npmjs.org/ts-mixer/-/ts-mixer-6.0.3.tgz",
            "integrity": "sha512-k43M7uCG1AkTyxgnmI5MPwKoUvS/bRvLvUb7+Pgpdlmok8AoqmUaZxUUw8zKM5B1lqZrt41GjYgnvAi0fppqgQ=="
        },
        "node_modules/tslib": {
            "version": "2.6.2",
            "resolved": "https://registry.npmjs.org/tslib/-/tslib-2.6.2.tgz",
            "integrity": "sha512-AEYxH93jGFPn/a2iVAwW87VuUIkR1FVUKB77NwMF7nBTDkDrrT/Hpt/IrCJ0QXhW27jTBDcf5ZY7w6RiqTMw2Q=="
        },
        "node_modules/undici": {
            "version": "5.27.2",
            "resolved": "https://registry.npmjs.org/undici/-/undici-5.27.2.tgz",
            "integrity": "sha512-iS857PdOEy/y3wlM3yRp+6SNQQ6xU0mmZcwRSriqk+et/cwWAtwmIGf6WkoDN2EK/AMdCO/dfXzIwi+rFMrjjQ==",
            "dependencies": {
                "@fastify/busboy": "^2.0.0"
            },
            "engines": {
                "node": ">=14.0"
            }
        },
        "node_modules/undici-types": {
            "version": "5.26.5",
            "resolved": "https://registry.npmjs.org/undici-types/-/undici-types-5.26.5.tgz",
            "integrity": "sha512-JlCMO+ehdEIKqlFxk6IfVoAUVmgz7cU7zD/h9XZ0qzeosSHmUJVOzSQvvYSYWXkFXC+IfLKSIffhv0sVZup6pA=="
        },
        "node_modules/util-deprecate": {
            "version": "1.0.2",
            "resolved": "https://registry.npmjs.org/util-deprecate/-/util-deprecate-1.0.2.tgz",
            "integrity": "sha512-EPD5q1uXyFxJpCrLnCc1nHnq3gOa6DZBocAIiI2TaSCA7VCJ1UJDMagCzIkXNsUYfD1daK//LTEQ8xiIbrHtcw=="
        },
        "node_modules/ws": {
            "version": "8.14.2",
            "resolved": "https://registry.npmjs.org/ws/-/ws-8.14.2.tgz",
            "integrity": "sha512-wEBG1ftX4jcglPxgFCMJmZ2PLtSbJ2Peg6TmpJFTbe9GZYOQCDPdMYu/Tm0/bGZkw8paZnJY45J4K2PZrLYq8g==",
            "engines": {
                "node": ">=10.0.0"
            },
            "peerDependencies": {
                "bufferutil": "^4.0.1",
                "utf-8-validate": ">=5.0.2"
            },
            "peerDependenciesMeta": {
                "bufferutil": {
                    "optional": true
                },
                "utf-8-validate": {
                    "optional": true
                }
            }
        }
    }
}
